
Microsoft Visual Studio Solution File, Format Version 12.00
# Visual Studio Version 17
VisualStudioVersion = 17.3.32922.545
MinimumVisualStudioVersion = 10.0.40219.1
Project("{9A19103F-16F7-4668-BE54-9A1E7A4F7556}") = "ErpaHoldingFatihKarakas.API", "ErpaHoldingFatihKarakas\ErpaHoldingFatihKarakas.API.csproj", "{366D8D0D-F4FC-4659-A9CE-31A609CF867B}"
EndProject
Project("{9A19103F-16F7-4668-BE54-9A1E7A4F7556}") = "ErpaHoldingFatihKarakas.Domain", "ErpaHoldingFatihKarakas.Domain\ErpaHoldingFatihKarakas.Domain.csproj", "{EF381518-142D-4CA7-9860-0AB398948624}"
EndProject
Project("{9A19103F-16F7-4668-BE54-9A1E7A4F7556}") = "ErpaHoldingFatihKarakas.Application", "ErpaHoldingFatihKarakas.Services\ErpaHoldingFatihKarakas.Application.csproj", "{D948CA93-B453-4FFE-AE99-9329FDEDE6E9}"
EndProject
Project("{9A19103F-16F7-4668-BE54-9A1E7A4F7556}") = "ErpaHoldingFatihKarakas.EntityFrameworkCore", "ErpaHoldingFatihKarakas.Persistence\ErpaHoldingFatihKarakas.EntityFrameworkCore.csproj", "{B46C4219-61F3-4795-917C-0D164D4F2095}"
EndProject
Project("{FAE04EC0-301F-11D3-BF4B-00C04F79EFBC}") = "ErpaHoldingFatihKarakas.Repository", "ErpaHoldingFatihKarakas.Repository\ErpaHoldingFatihKarakas.Repository.csproj", "{D2BD64C5-A7D9-4922-A0C0-D6182FE3B58E}"
EndProject
Global
	GlobalSection(SolutionConfigurationPlatforms) = preSolution
		Debug|Any CPU = Debug|Any CPU
		Release|Any CPU = Release|Any CPU
	EndGlobalSection
	GlobalSection(ProjectConfigurationPlatforms) = postSolution
		{366D8D0D-F4FC-4659-A9CE-31A609CF867B}.Debug|Any CPU.ActiveCfg = Debug|Any CPU
		{366D8D0D-F4FC-4659-A9CE-31A609CF867B}.Debug|Any CPU.Build.0 = Debug|Any CPU
		{366D8D0D-F4FC-4659-A9CE-31A609CF867B}.Release|Any CPU.ActiveCfg = Release|Any CPU
		{366D8D0D-F4FC-4659-A9CE-31A609CF867B}.Release|Any CPU.Build.0 = Release|Any CPU
		{EF381518-142D-4CA7-9860-0AB398948624}.Debug|Any CPU.ActiveCfg = Debug|Any CPU
		{EF381518-142D-4CA7-9860-0AB398948624}.Debug|Any CPU.Build.0 = Debug|Any CPU
		{EF381518-142D-4CA7-9860-0AB398948624}.Release|Any CPU.ActiveCfg = Release|Any CPU
		{EF381518-142D-4CA7-9860-0AB398948624}.Release|Any CPU.Build.0 = Release|Any CPU
		{D948CA93-B453-4FFE-AE99-9329FDEDE6E9}.Debug|Any CPU.ActiveCfg = Debug|Any CPU
		{D948CA93-B453-4FFE-AE99-9329FDEDE6E9}.Debug|Any CPU.Build.0 = Debug|Any CPU
		{D948CA93-B453-4FFE-AE99-9329FDEDE6E9}.Release|Any CPU.ActiveCfg = Release|Any CPU
		{D948CA93-B453-4FFE-AE99-9329FDEDE6E9}.Release|Any CPU.Build.0 = Release|Any CPU
		{B46C4219-61F3-4795-917C-0D164D4F2095}.Debug|Any CPU.ActiveCfg = Debug|Any CPU
		{B46C4219-61F3-4795-917C-0D164D4F2095}.Debug|Any CPU.Build.0 = Debug|Any CPU
		{B46C4219-61F3-4795-917C-0D164D4F2095}.Release|Any CPU.ActiveCfg = Release|Any CPU
		{B46C4219-61F3-4795-917C-0D164D4F2095}.Release|Any CPU.Build.0 = Release|Any CPU
		{D2BD64C5-A7D9-4922-A0C0-D6182FE3B58E}.Debug|Any CPU.ActiveCfg = Debug|Any CPU
		{D2BD64C5-A7D9-4922-A0C0-D6182FE3B58E}.Debug|Any CPU.Build.0 = Debug|Any CPU
		{D2BD64C5-A7D9-4922-A0C0-D6182FE3B58E}.Release|Any CPU.ActiveCfg = Release|Any CPU
		{D2BD64C5-A7D9-4922-A0C0-D6182FE3B58E}.Release|Any CPU.Build.0 = Release|Any CPU
	EndGlobalSection
	GlobalSection(SolutionProperties) = preSolution
		HideSolutionNode = FALSE
	EndGlobalSection
	GlobalSection(ExtensibilityGlobals) = postSolution
		SolutionGuid = {5F680E95-7EC6-478E-AFA4-965F91688F07}
	EndGlobalSection
EndGlobal
